
Microsoft Visual Studio Solution File, Format Version 12.00
# Visual Studio Version 16
VisualStudioVersion = 16.6.30114.105
MinimumVisualStudioVersion = 10.0.40219.1
Project("{FAE04EC0-301F-11D3-BF4B-00C04F79EFBC}") = "Dungeon.Logic", "Dungeon.Logic\Dungeon.Logic.csproj", "{94649B8E-0C49-4F16-BE30-2AC526A785E8}"
EndProject
Project("{FAE04EC0-301F-11D3-BF4B-00C04F79EFBC}") = "Dungeon.Terminal", "Dungeon.Terminal\Dungeon.Terminal.csproj", "{EFC083D7-6408-4BFF-85C0-059FA3180F0A}"
EndProject
Project("{FAE04EC0-301F-11D3-BF4B-00C04F79EFBC}") = "Dungeon.Web", "Dungeon.Web\Dungeon.Web.csproj", "{498586E6-A8BF-4EF9-B2F6-3B5DAF689758}"
EndProject
Project("{FAE04EC0-301F-11D3-BF4B-00C04F79EFBC}") = "Dungeon.Tests.Unit", "Dungeon.Tests.Unit\Dungeon.Tests.Unit.csproj", "{4632C9C5-FCDF-479E-9DF5-213B37C4642E}"
EndProject
Project("{FAE04EC0-301F-11D3-BF4B-00C04F79EFBC}") = "Dungeon.RazorPages", "Dungeon.RazorPages\Dungeon.RazorPages.csproj", "{A44119E4-C59B-4218-B413-F4A06152F2DB}"
EndProject
Project("{FAE04EC0-301F-11D3-BF4B-00C04F79EFBC}") = "Dungeon.EntityFramework", "Dungeon.EntityFramework\Dungeon.EntityFramework.csproj", "{A35A9017-D426-4730-9629-88957222F3BE}"
EndProject
Global
	GlobalSection(SolutionConfigurationPlatforms) = preSolution
		Debug|Any CPU = Debug|Any CPU
		Debug|x64 = Debug|x64
		Debug|x86 = Debug|x86
		Release|Any CPU = Release|Any CPU
		Release|x64 = Release|x64
		Release|x86 = Release|x86
	EndGlobalSection
	GlobalSection(SolutionProperties) = preSolution
		HideSolutionNode = FALSE
	EndGlobalSection
	GlobalSection(ProjectConfigurationPlatforms) = postSolution
		{94649B8E-0C49-4F16-BE30-2AC526A785E8}.Debug|Any CPU.ActiveCfg = Debug|Any CPU
		{94649B8E-0C49-4F16-BE30-2AC526A785E8}.Debug|Any CPU.Build.0 = Debug|Any CPU
		{94649B8E-0C49-4F16-BE30-2AC526A785E8}.Debug|x64.ActiveCfg = Debug|Any CPU
		{94649B8E-0C49-4F16-BE30-2AC526A785E8}.Debug|x64.Build.0 = Debug|Any CPU
		{94649B8E-0C49-4F16-BE30-2AC526A785E8}.Debug|x86.ActiveCfg = Debug|Any CPU
		{94649B8E-0C49-4F16-BE30-2AC526A785E8}.Debug|x86.Build.0 = Debug|Any CPU
		{94649B8E-0C49-4F16-BE30-2AC526A785E8}.Release|Any CPU.ActiveCfg = Release|Any CPU
		{94649B8E-0C49-4F16-BE30-2AC526A785E8}.Release|Any CPU.Build.0 = Release|Any CPU
		{94649B8E-0C49-4F16-BE30-2AC526A785E8}.Release|x64.ActiveCfg = Release|Any CPU
		{94649B8E-0C49-4F16-BE30-2AC526A785E8}.Release|x64.Build.0 = Release|Any CPU
		{94649B8E-0C49-4F16-BE30-2AC526A785E8}.Release|x86.ActiveCfg = Release|Any CPU
		{94649B8E-0C49-4F16-BE30-2AC526A785E8}.Release|x86.Build.0 = Release|Any CPU
		{EFC083D7-6408-4BFF-85C0-059FA3180F0A}.Debug|Any CPU.ActiveCfg = Debug|Any CPU
		{EFC083D7-6408-4BFF-85C0-059FA3180F0A}.Debug|Any CPU.Build.0 = Debug|Any CPU
		{EFC083D7-6408-4BFF-85C0-059FA3180F0A}.Debug|x64.ActiveCfg = Debug|Any CPU
		{EFC083D7-6408-4BFF-85C0-059FA3180F0A}.Debug|x64.Build.0 = Debug|Any CPU
		{EFC083D7-6408-4BFF-85C0-059FA3180F0A}.Debug|x86.ActiveCfg = Debug|Any CPU
		{EFC083D7-6408-4BFF-85C0-059FA3180F0A}.Debug|x86.Build.0 = Debug|Any CPU
		{EFC083D7-6408-4BFF-85C0-059FA3180F0A}.Release|Any CPU.ActiveCfg = Release|Any CPU
		{EFC083D7-6408-4BFF-85C0-059FA3180F0A}.Release|Any CPU.Build.0 = Release|Any CPU
		{EFC083D7-6408-4BFF-85C0-059FA3180F0A}.Release|x64.ActiveCfg = Release|Any CPU
		{EFC083D7-6408-4BFF-85C0-059FA3180F0A}.Release|x64.Build.0 = Release|Any CPU
		{EFC083D7-6408-4BFF-85C0-059FA3180F0A}.Release|x86.ActiveCfg = Release|Any CPU
		{EFC083D7-6408-4BFF-85C0-059FA3180F0A}.Release|x86.Build.0 = Release|Any CPU
		{498586E6-A8BF-4EF9-B2F6-3B5DAF689758}.Debug|Any CPU.ActiveCfg = Debug|Any CPU
		{498586E6-A8BF-4EF9-B2F6-3B5DAF689758}.Debug|Any CPU.Build.0 = Debug|Any CPU
		{498586E6-A8BF-4EF9-B2F6-3B5DAF689758}.Debug|x64.ActiveCfg = Debug|Any CPU
		{498586E6-A8BF-4EF9-B2F6-3B5DAF689758}.Debug|x64.Build.0 = Debug|Any CPU
		{498586E6-A8BF-4EF9-B2F6-3B5DAF689758}.Debug|x86.ActiveCfg = Debug|Any CPU
		{498586E6-A8BF-4EF9-B2F6-3B5DAF689758}.Debug|x86.Build.0 = Debug|Any CPU
		{498586E6-A8BF-4EF9-B2F6-3B5DAF689758}.Release|Any CPU.ActiveCfg = Release|Any CPU
		{498586E6-A8BF-4EF9-B2F6-3B5DAF689758}.Release|Any CPU.Build.0 = Release|Any CPU
		{498586E6-A8BF-4EF9-B2F6-3B5DAF689758}.Release|x64.ActiveCfg = Release|Any CPU
		{498586E6-A8BF-4EF9-B2F6-3B5DAF689758}.Release|x64.Build.0 = Release|Any CPU
		{498586E6-A8BF-4EF9-B2F6-3B5DAF689758}.Release|x86.ActiveCfg = Release|Any CPU
		{498586E6-A8BF-4EF9-B2F6-3B5DAF689758}.Release|x86.Build.0 = Release|Any CPU
		{4632C9C5-FCDF-479E-9DF5-213B37C4642E}.Debug|Any CPU.ActiveCfg = Debug|Any CPU
		{4632C9C5-FCDF-479E-9DF5-213B37C4642E}.Debug|Any CPU.Build.0 = Debug|Any CPU
		{4632C9C5-FCDF-479E-9DF5-213B37C4642E}.Debug|x64.ActiveCfg = Debug|Any CPU
		{4632C9C5-FCDF-479E-9DF5-213B37C4642E}.Debug|x64.Build.0 = Debug|Any CPU
		{4632C9C5-FCDF-479E-9DF5-213B37C4642E}.Debug|x86.ActiveCfg = Debug|Any CPU
		{4632C9C5-FCDF-479E-9DF5-213B37C4642E}.Debug|x86.Build.0 = Debug|Any CPU
		{4632C9C5-FCDF-479E-9DF5-213B37C4642E}.Release|Any CPU.ActiveCfg = Release|Any CPU
		{4632C9C5-FCDF-479E-9DF5-213B37C4642E}.Release|Any CPU.Build.0 = Release|Any CPU
		{4632C9C5-FCDF-479E-9DF5-213B37C4642E}.Release|x64.ActiveCfg = Release|Any CPU
		{4632C9C5-FCDF-479E-9DF5-213B37C4642E}.Release|x64.Build.0 = Release|Any CPU
		{4632C9C5-FCDF-479E-9DF5-213B37C4642E}.Release|x86.ActiveCfg = Release|Any CPU
		{4632C9C5-FCDF-479E-9DF5-213B37C4642E}.Release|x86.Build.0 = Release|Any CPU
		{A44119E4-C59B-4218-B413-F4A06152F2DB}.Debug|Any CPU.ActiveCfg = Debug|Any CPU
		{A44119E4-C59B-4218-B413-F4A06152F2DB}.Debug|Any CPU.Build.0 = Debug|Any CPU
		{A44119E4-C59B-4218-B413-F4A06152F2DB}.Debug|x64.ActiveCfg = Debug|Any CPU
		{A44119E4-C59B-4218-B413-F4A06152F2DB}.Debug|x64.Build.0 = Debug|Any CPU
		{A44119E4-C59B-4218-B413-F4A06152F2DB}.Debug|x86.ActiveCfg = Debug|Any CPU
		{A44119E4-C59B-4218-B413-F4A06152F2DB}.Debug|x86.Build.0 = Debug|Any CPU
		{A44119E4-C59B-4218-B413-F4A06152F2DB}.Release|Any CPU.ActiveCfg = Release|Any CPU
		{A44119E4-C59B-4218-B413-F4A06152F2DB}.Release|Any CPU.Build.0 = Release|Any CPU
		{A44119E4-C59B-4218-B413-F4A06152F2DB}.Release|x64.ActiveCfg = Release|Any CPU
		{A44119E4-C59B-4218-B413-F4A06152F2DB}.Release|x64.Build.0 = Release|Any CPU
		{A44119E4-C59B-4218-B413-F4A06152F2DB}.Release|x86.ActiveCfg = Release|Any CPU
		{A44119E4-C59B-4218-B413-F4A06152F2DB}.Release|x86.Build.0 = Release|Any CPU
		{A35A9017-D426-4730-9629-88957222F3BE}.Debug|Any CPU.ActiveCfg = Debug|Any CPU
		{A35A9017-D426-4730-9629-88957222F3BE}.Debug|Any CPU.Build.0 = Debug|Any CPU
		{A35A9017-D426-4730-9629-88957222F3BE}.Debug|x64.ActiveCfg = Debug|Any CPU
		{A35A9017-D426-4730-9629-88957222F3BE}.Debug|x64.Build.0 = Debug|Any CPU
		{A35A9017-D426-4730-9629-88957222F3BE}.Debug|x86.ActiveCfg = Debug|Any CPU
		{A35A9017-D426-4730-9629-88957222F3BE}.Debug|x86.Build.0 = Debug|Any CPU
		{A35A9017-D426-4730-9629-88957222F3BE}.Release|Any CPU.ActiveCfg = Release|Any CPU
		{A35A9017-D426-4730-9629-88957222F3BE}.Release|Any CPU.Build.0 = Release|Any CPU
		{A35A9017-D426-4730-9629-88957222F3BE}.Release|x64.ActiveCfg = Release|Any CPU
		{A35A9017-D426-4730-9629-88957222F3BE}.Release|x64.Build.0 = Release|Any CPU
		{A35A9017-D426-4730-9629-88957222F3BE}.Release|x86.ActiveCfg = Release|Any CPU
		{A35A9017-D426-4730-9629-88957222F3BE}.Release|x86.Build.0 = Release|Any CPU
	EndGlobalSection
EndGlobal
